
Microsoft Visual Studio Solution File, Format Version 12.00
# Visual Studio Version 16
VisualStudioVersion = 16.0.31129.286
MinimumVisualStudioVersion = 10.0.40219.1
Project("{9A19103F-16F7-4668-BE54-9A1E7A4F7556}") = "CSharp", "CSharp\CSharp.csproj", "{4105F5DE-3A2D-42E4-9727-BB4FC07EA784}"
EndProject
Project("{9A19103F-16F7-4668-BE54-9A1E7A4F7556}") = "Homework", "Homework\Homework.csproj", "{7F3CACBE-CF99-4DC4-8E18-B532B2269E73}"
EndProject
Project("{FAE04EC0-301F-11D3-BF4B-00C04F79EFBC}") = "ConsoleApp1", "ConsoleApp1\ConsoleApp1.csproj", "{7801A290-9F6A-444B-9D0B-417CF32DFAAE}"
EndProject
Project("{9A19103F-16F7-4668-BE54-9A1E7A4F7556}") = "TestProject1", "TestProject1\TestProject1.csproj", "{D3F616FC-B031-4AD1-BC37-D783B34B1A3C}"
EndProject
Project("{FAE04EC0-301F-11D3-BF4B-00C04F79EFBC}") = "Captcha", "Captcha\Captcha.csproj", "{FD7FDBA1-6FF8-4CEC-B5FD-376FAC5F17AE}"
EndProject
Project("{9A19103F-16F7-4668-BE54-9A1E7A4F7556}") = "SourceStack", "SourceStack\SourceStack.csproj", "{09B674EF-50B2-4069-B60F-AAF007FC8B09}"
EndProject
Project("{9A19103F-16F7-4668-BE54-9A1E7A4F7556}") = "RazorPages", "RazorPages\RazorPages.csproj", "{5E2E2F1E-D4A6-489B-B390-A76478BC931A}"
EndProject
Project("{9A19103F-16F7-4668-BE54-9A1E7A4F7556}") = "ADONET", "ADONET\ADONET.csproj", "{8C272F98-286D-4FD4-B06C-8650BBB58EB5}"
EndProject
Project("{FAE04EC0-301F-11D3-BF4B-00C04F79EFBC}") = "MVCSample", "MVCSample\MVCSample.csproj", "{0AE322CC-AF17-4E5D-855F-2F597C3A2210}"
EndProject
Project("{FAE04EC0-301F-11D3-BF4B-00C04F79EFBC}") = "DAL", "ClassLibrary1\DAL.csproj", "{FA88EE7F-B659-45A9-B165-5C5DD6FD3BE0}"
EndProject
Project("{2150E333-8FDC-42A3-9474-1A3956D46DE8}") = "BLL", "BLL", "{93E0AC42-34BF-4FA5-9400-70184C8CC72F}"
EndProject
Project("{FAE04EC0-301F-11D3-BF4B-00C04F79EFBC}") = "Entities", "Entities\Entities.csproj", "{156B15F2-D6BB-41CC-B72F-0D36C7EF22FF}"
EndProject
Project("{FAE04EC0-301F-11D3-BF4B-00C04F79EFBC}") = "Repositories", "Repositories\Repositories.csproj", "{3598AE0C-36B8-48BA-90D4-33A45C70D123}"
EndProject
Project("{2150E333-8FDC-42A3-9474-1A3956D46DE8}") = "SRV", "SRV", "{C88F138B-D990-4D30-9E8A-77BC9A0AF258}"
EndProject
Project("{FAE04EC0-301F-11D3-BF4B-00C04F79EFBC}") = "ProdService", "ProdService\ProdService.csproj", "{9A1A676A-A28C-4924-9538-BED7EB199B96}"
EndProject
Project("{FAE04EC0-301F-11D3-BF4B-00C04F79EFBC}") = "ViewModel", "ViewModel\ViewModel.csproj", "{8C86C78D-8FFA-4188-B534-E7B0CA8EF296}"
EndProject
Global
	GlobalSection(SolutionConfigurationPlatforms) = preSolution
		Debug|Any CPU = Debug|Any CPU
		Release|Any CPU = Release|Any CPU
	EndGlobalSection
	GlobalSection(ProjectConfigurationPlatforms) = postSolution
		{4105F5DE-3A2D-42E4-9727-BB4FC07EA784}.Debug|Any CPU.ActiveCfg = Debug|Any CPU
		{4105F5DE-3A2D-42E4-9727-BB4FC07EA784}.Debug|Any CPU.Build.0 = Debug|Any CPU
		{4105F5DE-3A2D-42E4-9727-BB4FC07EA784}.Release|Any CPU.ActiveCfg = Release|Any CPU
		{4105F5DE-3A2D-42E4-9727-BB4FC07EA784}.Release|Any CPU.Build.0 = Release|Any CPU
		{7F3CACBE-CF99-4DC4-8E18-B532B2269E73}.Debug|Any CPU.ActiveCfg = Debug|Any CPU
		{7F3CACBE-CF99-4DC4-8E18-B532B2269E73}.Debug|Any CPU.Build.0 = Debug|Any CPU
		{7F3CACBE-CF99-4DC4-8E18-B532B2269E73}.Release|Any CPU.ActiveCfg = Release|Any CPU
		{7F3CACBE-CF99-4DC4-8E18-B532B2269E73}.Release|Any CPU.Build.0 = Release|Any CPU
		{7801A290-9F6A-444B-9D0B-417CF32DFAAE}.Debug|Any CPU.ActiveCfg = Debug|Any CPU
		{7801A290-9F6A-444B-9D0B-417CF32DFAAE}.Debug|Any CPU.Build.0 = Debug|Any CPU
		{7801A290-9F6A-444B-9D0B-417CF32DFAAE}.Release|Any CPU.ActiveCfg = Release|Any CPU
		{7801A290-9F6A-444B-9D0B-417CF32DFAAE}.Release|Any CPU.Build.0 = Release|Any CPU
		{D3F616FC-B031-4AD1-BC37-D783B34B1A3C}.Debug|Any CPU.ActiveCfg = Debug|Any CPU
		{D3F616FC-B031-4AD1-BC37-D783B34B1A3C}.Debug|Any CPU.Build.0 = Debug|Any CPU
		{D3F616FC-B031-4AD1-BC37-D783B34B1A3C}.Release|Any CPU.ActiveCfg = Release|Any CPU
		{D3F616FC-B031-4AD1-BC37-D783B34B1A3C}.Release|Any CPU.Build.0 = Release|Any CPU
		{FD7FDBA1-6FF8-4CEC-B5FD-376FAC5F17AE}.Debug|Any CPU.ActiveCfg = Debug|Any CPU
		{FD7FDBA1-6FF8-4CEC-B5FD-376FAC5F17AE}.Debug|Any CPU.Build.0 = Debug|Any CPU
		{FD7FDBA1-6FF8-4CEC-B5FD-376FAC5F17AE}.Release|Any CPU.ActiveCfg = Release|Any CPU
		{FD7FDBA1-6FF8-4CEC-B5FD-376FAC5F17AE}.Release|Any CPU.Build.0 = Release|Any CPU
		{09B674EF-50B2-4069-B60F-AAF007FC8B09}.Debug|Any CPU.ActiveCfg = Debug|Any CPU
		{09B674EF-50B2-4069-B60F-AAF007FC8B09}.Debug|Any CPU.Build.0 = Debug|Any CPU
		{09B674EF-50B2-4069-B60F-AAF007FC8B09}.Release|Any CPU.ActiveCfg = Release|Any CPU
		{09B674EF-50B2-4069-B60F-AAF007FC8B09}.Release|Any CPU.Build.0 = Release|Any CPU
		{5E2E2F1E-D4A6-489B-B390-A76478BC931A}.Debug|Any CPU.ActiveCfg = Debug|Any CPU
		{5E2E2F1E-D4A6-489B-B390-A76478BC931A}.Debug|Any CPU.Build.0 = Debug|Any CPU
		{5E2E2F1E-D4A6-489B-B390-A76478BC931A}.Release|Any CPU.ActiveCfg = Release|Any CPU
		{5E2E2F1E-D4A6-489B-B390-A76478BC931A}.Release|Any CPU.Build.0 = Release|Any CPU
		{8C272F98-286D-4FD4-B06C-8650BBB58EB5}.Debug|Any CPU.ActiveCfg = Debug|Any CPU
		{8C272F98-286D-4FD4-B06C-8650BBB58EB5}.Debug|Any CPU.Build.0 = Debug|Any CPU
		{8C272F98-286D-4FD4-B06C-8650BBB58EB5}.Release|Any CPU.ActiveCfg = Release|Any CPU
		{8C272F98-286D-4FD4-B06C-8650BBB58EB5}.Release|Any CPU.Build.0 = Release|Any CPU
		{0AE322CC-AF17-4E5D-855F-2F597C3A2210}.Debug|Any CPU.ActiveCfg = Debug|Any CPU
		{0AE322CC-AF17-4E5D-855F-2F597C3A2210}.Debug|Any CPU.Build.0 = Debug|Any CPU
		{0AE322CC-AF17-4E5D-855F-2F597C3A2210}.Release|Any CPU.ActiveCfg = Release|Any CPU
		{0AE322CC-AF17-4E5D-855F-2F597C3A2210}.Release|Any CPU.Build.0 = Release|Any CPU
		{FA88EE7F-B659-45A9-B165-5C5DD6FD3BE0}.Debug|Any CPU.ActiveCfg = Debug|Any CPU
		{FA88EE7F-B659-45A9-B165-5C5DD6FD3BE0}.Debug|Any CPU.Build.0 = Debug|Any CPU
		{FA88EE7F-B659-45A9-B165-5C5DD6FD3BE0}.Release|Any CPU.ActiveCfg = Release|Any CPU
		{FA88EE7F-B659-45A9-B165-5C5DD6FD3BE0}.Release|Any CPU.Build.0 = Release|Any CPU
		{156B15F2-D6BB-41CC-B72F-0D36C7EF22FF}.Debug|Any CPU.ActiveCfg = Debug|Any CPU
		{156B15F2-D6BB-41CC-B72F-0D36C7EF22FF}.Debug|Any CPU.Build.0 = Debug|Any CPU
		{156B15F2-D6BB-41CC-B72F-0D36C7EF22FF}.Release|Any CPU.ActiveCfg = Release|Any CPU
		{156B15F2-D6BB-41CC-B72F-0D36C7EF22FF}.Release|Any CPU.Build.0 = Release|Any CPU
		{3598AE0C-36B8-48BA-90D4-33A45C70D123}.Debug|Any CPU.ActiveCfg = Debug|Any CPU
		{3598AE0C-36B8-48BA-90D4-33A45C70D123}.Debug|Any CPU.Build.0 = Debug|Any CPU
		{3598AE0C-36B8-48BA-90D4-33A45C70D123}.Release|Any CPU.ActiveCfg = Release|Any CPU
		{3598AE0C-36B8-48BA-90D4-33A45C70D123}.Release|Any CPU.Build.0 = Release|Any CPU
		{9A1A676A-A28C-4924-9538-BED7EB199B96}.Debug|Any CPU.ActiveCfg = Debug|Any CPU
		{9A1A676A-A28C-4924-9538-BED7EB199B96}.Debug|Any CPU.Build.0 = Debug|Any CPU
		{9A1A676A-A28C-4924-9538-BED7EB199B96}.Release|Any CPU.ActiveCfg = Release|Any CPU
		{9A1A676A-A28C-4924-9538-BED7EB199B96}.Release|Any CPU.Build.0 = Release|Any CPU
		{8C86C78D-8FFA-4188-B534-E7B0CA8EF296}.Debug|Any CPU.ActiveCfg = Debug|Any CPU
		{8C86C78D-8FFA-4188-B534-E7B0CA8EF296}.Debug|Any CPU.Build.0 = Debug|Any CPU
		{8C86C78D-8FFA-4188-B534-E7B0CA8EF296}.Release|Any CPU.ActiveCfg = Release|Any CPU
		{8C86C78D-8FFA-4188-B534-E7B0CA8EF296}.Release|Any CPU.Build.0 = Release|Any CPU
	EndGlobalSection
	GlobalSection(SolutionProperties) = preSolution
		HideSolutionNode = FALSE
	EndGlobalSection
	GlobalSection(NestedProjects) = preSolution
		{156B15F2-D6BB-41CC-B72F-0D36C7EF22FF} = {93E0AC42-34BF-4FA5-9400-70184C8CC72F}
		{3598AE0C-36B8-48BA-90D4-33A45C70D123} = {93E0AC42-34BF-4FA5-9400-70184C8CC72F}
		{9A1A676A-A28C-4924-9538-BED7EB199B96} = {C88F138B-D990-4D30-9E8A-77BC9A0AF258}
		{8C86C78D-8FFA-4188-B534-E7B0CA8EF296} = {C88F138B-D990-4D30-9E8A-77BC9A0AF258}
	EndGlobalSection
	GlobalSection(ExtensibilityGlobals) = postSolution
		SolutionGuid = {9D9347BF-DE55-422D-BAAC-19D40CC33230}
	EndGlobalSection
EndGlobal
